{
  "name": "FontAwesome",
  "lockfileVersion": 3,
  "requires": true,
  "packages": {
    "": {
      "devDependencies": {
        "@fortawesome/fontawesome-free": "^7"
      }
    },
    "node_modules/@fortawesome/fontawesome-free": {
      "version": "7.0.0",
      "resolved": "https://registry.npmjs.org/@fortawesome/fontawesome-free/-/fontawesome-free-7.0.0.tgz",
      "integrity": "sha512-X48nISrSOa89zu2VMljC4XaRf8NmgTwQBVHfS2Nu5G00ZwM31oOVrAtGxZF3b6wDYf9lJsf/Eq4cCSFKIkOWPQ==",
      "dev": true,
      "engines": {
        "node": ">=6"
      }
    }
  }
}
